
Microsoft Visual Studio Solution File, Format Version 12.00
# Visual Studio 2013
VisualStudioVersion = 12.0.21005.1
MinimumVisualStudioVersion = 10.0.40219.1
Project("{FAE04EC0-301F-11D3-BF4B-00C04F79EFBC}") = "Report_UI", "Report_UI\Report_UI.csproj", "{0127A7A7-52B3-4858-9CC2-F6DDF6A5F761}"
EndProject
Project("{FAE04EC0-301F-11D3-BF4B-00C04F79EFBC}") = "Report_DO", "Report_DO\Report_DO.csproj", "{470C066A-281A-406B-B3D8-F4D3D5029DAB}"
EndProject
Global
	GlobalSection(SolutionConfigurationPlatforms) = preSolution
		Debug|Any CPU = Debug|Any CPU
		Release|Any CPU = Release|Any CPU
	EndGlobalSection
	GlobalSection(ProjectConfigurationPlatforms) = postSolution
		{0127A7A7-52B3-4858-9CC2-F6DDF6A5F761}.Debug|Any CPU.ActiveCfg = Debug|Any CPU
		{0127A7A7-52B3-4858-9CC2-F6DDF6A5F761}.Debug|Any CPU.Build.0 = Debug|Any CPU
		{0127A7A7-52B3-4858-9CC2-F6DDF6A5F761}.Release|Any CPU.ActiveCfg = Release|Any CPU
		{0127A7A7-52B3-4858-9CC2-F6DDF6A5F761}.Release|Any CPU.Build.0 = Release|Any CPU
		{470C066A-281A-406B-B3D8-F4D3D5029DAB}.Debug|Any CPU.ActiveCfg = Debug|Any CPU
		{470C066A-281A-406B-B3D8-F4D3D5029DAB}.Debug|Any CPU.Build.0 = Debug|Any CPU
		{470C066A-281A-406B-B3D8-F4D3D5029DAB}.Release|Any CPU.ActiveCfg = Release|Any CPU
		{470C066A-281A-406B-B3D8-F4D3D5029DAB}.Release|Any CPU.Build.0 = Release|Any CPU
	EndGlobalSection
	GlobalSection(SolutionProperties) = preSolution
		HideSolutionNode = FALSE
	EndGlobalSection
EndGlobal
